# Lockfile v4
# This file is automatically generated by Wapm.
# It is not intended for manual editing. The schema of this file may change.
[modules."_/clang"."0.1.0".clang]
name = "clang"
package_version = "0.1.0"
package_name = "_/clang"
package_path = "_/clang@0.1.0"
resolved = "https://registry-cdn.wapm.io/packages/_/clang/clang-0.1.0.tar.gz"
resolved_source = "registry+clang"
abi = "wasi"
source = "clang.wasm"

[modules."_/clang"."0.1.0".wasm-ld]
name = "wasm-ld"
package_version = "0.1.0"
package_name = "_/clang"
package_path = "_/clang@0.1.0"
resolved = "https://registry-cdn.wapm.io/packages/_/clang/clang-0.1.0.tar.gz"
resolved_source = "registry+wasm-ld"
abi = "wasi"
source = "wasm-ld.wasm"
[commands.clang]
name = "clang"
package_name = "_/clang"
package_version = "0.1.0"
module = "clang"
is_top_level_dependency = true

[commands.wasm-ld]
name = "wasm-ld"
package_name = "_/clang"
package_version = "0.1.0"
module = "wasm-ld"
is_top_level_dependency = true
